golang.org/x/exp v0.0.0-20240707233637-46b078467d37 h1:uLDX+AfeFCct3a2C7uIWBKMJIR3CJMhcgfrUAqjRK6w=
golang.org/x/exp v0.0.0-20240707233637-46b078467d37/go.mod h1:M4RDyNAINzryxdtnbRXRL/OHtkFuWGRjvuhBJpk2IlY=
xabbo.b7c.io/goearth v0.4.0 h1:89N8JMQo4EiwFvuq+8jw+t+wonFb4LqIYXpX3QjFh3E=
xabbo.b7c.io/goearth v0.4.0/go.mod h1:6s+shq3X0CO5L2Jt6t6yHMCzsNHA1jU2IbpvOqgFkpo=
